<?xml version="1.0" encoding="utf-8"?>
<Project ToolsVersion="4.0" xmlns="http://schemas.microsoft.com/developer/msbuild/2003">
  <ItemGroup>
    <Filter Include="ソースファイル">
      <UniqueIdentifier>{724d3237-5cb6-47ad-a6d7-426c7060d7fa}</UniqueIdentifier>
      <Extensions>c;cpp;cxx</Extensions>
    </Filter>
    <Filter Include="ヘッダーファイル">
      <UniqueIdentifier>{b95051e6-9fdc-4b8e-ae3c-99ad7cfa7469}</UniqueIdentifier>
      <Extensions>h;hpp;hxx</Extensions>
    </Filter>
  </ItemGroup>
  <ItemGroup>
    <ClCompile Include="source\game.cpp">
      <Filter>ソースファイル</Filter>
    </ClCompile>
    <ClCompile Include="source\main.cpp">
      <Filter>ソースファイル</Filter>
    </ClCompile>
    <ClCompile Include="source\opengl.cpp">
      <Filter>ソースファイル</Filter>
    </ClCompile>
    <ClCompile Include="source\precompile.cpp">
      <Filter>ソースファイル</Filter>
    </ClCompile>
    <ClCompile Include="source\texture.cpp">
      <Filter>ソースファイル</Filter>
    </ClCompile>
  </ItemGroup>
  <ItemGroup>
    <ClInclude Include="source\game.h">
      <Filter>ヘッダーファイル</Filter>
    </ClInclude>
    <ClInclude Include="source\main.h">
      <Filter>ヘッダーファイル</Filter>
    </ClInclude>
    <ClInclude Include="source\opengl.h">
      <Filter>ヘッダーファイル</Filter>
    </ClInclude>
    <ClInclude Include="source\precompile.h">
      <Filter>ヘッダーファイル</Filter>
    </ClInclude>
    <ClInclude Include="source\texture.h">
      <Filter>ヘッダーファイル</Filter>
    </ClInclude>
    <ClInclude Include="source\typedef.h">
      <Filter>ヘッダーファイル</Filter>
    </ClInclude>
  </ItemGroup>
</Project>